
Microsoft Visual Studio Solution File, Format Version 12.00
# Visual Studio 15
Project("{FAE04EC0-301F-11D3-BF4B-00C04F79EFBC}") = "UnityEngine.UI", "UnityEngine.UI.csproj", "{2AACB208-2CFE-F705-E75D-233825B7D196}"
EndProject
Project("{FAE04EC0-301F-11D3-BF4B-00C04F79EFBC}") = "Unity.RenderPipelines.Core.Runtime", "Unity.RenderPipelines.Core.Runtime.csproj", "{FCA67A36-DF11-133E-8CF0-628C6B1E1679}"
EndProject
Project("{FAE04EC0-301F-11D3-BF4B-00C04F79EFBC}") = "UnityEngine.TestRunner", "UnityEngine.TestRunner.csproj", "{B29201C1-D4D1-0D76-1CA1-686EBE14A3C4}"
EndProject
Project("{FAE04EC0-301F-11D3-BF4B-00C04F79EFBC}") = "Unity.Mathematics", "Unity.Mathematics.csproj", "{5D646FCC-8699-591A-ACC3-47D5EA7FA865}"
EndProject
Project("{FAE04EC0-301F-11D3-BF4B-00C04F79EFBC}") = "Unity.RenderPipelines.Universal.Runtime", "Unity.RenderPipelines.Universal.Runtime.csproj", "{FE78FC22-338F-6984-FF0E-A7BF091ACA79}"
EndProject
Project("{FAE04EC0-301F-11D3-BF4B-00C04F79EFBC}") = "Unity.Animation.Rigging", "Unity.Animation.Rigging.csproj", "{113C7F7C-6512-FCA9-836B-2A8B9A77341F}"
EndProject
Project("{FAE04EC0-301F-11D3-BF4B-00C04F79EFBC}") = "Unity.Burst", "Unity.Burst.csproj", "{5C0451EE-23FE-A069-F2A2-1BEC4679721E}"
EndProject
Project("{FAE04EC0-301F-11D3-BF4B-00C04F79EFBC}") = "Unity.TextMeshPro", "Unity.TextMeshPro.csproj", "{0CC98FFF-7829-9371-F0E8-1EA6FF020D26}"
EndProject
Project("{FAE04EC0-301F-11D3-BF4B-00C04F79EFBC}") = "Unity.Polybrush", "Unity.Polybrush.csproj", "{164F6522-B26D-3880-AF94-ACDE4D420C83}"
EndProject
Project("{FAE04EC0-301F-11D3-BF4B-00C04F79EFBC}") = "Unity.ProBuilder.Poly2Tri", "Unity.ProBuilder.Poly2Tri.csproj", "{A6998E65-2DEE-7562-1B1B-0F25F94886A2}"
EndProject
Project("{FAE04EC0-301F-11D3-BF4B-00C04F79EFBC}") = "Unity.Timeline", "Unity.Timeline.csproj", "{1A7635D1-5817-D43D-7FC6-D6489049C6D5}"
EndProject
Project("{FAE04EC0-301F-11D3-BF4B-00C04F79EFBC}") = "Unity.ProBuilder", "Unity.ProBuilder.csproj", "{1A388088-DC3A-7049-E675-A875A4428D3F}"
EndProject
Project("{FAE04EC0-301F-11D3-BF4B-00C04F79EFBC}") = "Assembly-CSharp", "Assembly-CSharp.csproj", "{B53AA7FF-C27D-EA5D-9FDF-D8AF256320D3}"
EndProject
Project("{FAE04EC0-301F-11D3-BF4B-00C04F79EFBC}") = "Unity.ProGrids", "Unity.ProGrids.csproj", "{8CDF1B53-4323-FA76-0EF8-67AC27DC4370}"
EndProject
Project("{FAE04EC0-301F-11D3-BF4B-00C04F79EFBC}") = "Unity.ProBuilder.Csg", "Unity.ProBuilder.Csg.csproj", "{8524BE49-DB78-C073-91D7-C8E7DDBA5195}"
EndProject
Project("{FAE04EC0-301F-11D3-BF4B-00C04F79EFBC}") = "Assembly-CSharp-firstpass", "Assembly-CSharp-firstpass.csproj", "{E133D6BC-D268-13CD-301A-5077538CFDB0}"
EndProject
Project("{FAE04EC0-301F-11D3-BF4B-00C04F79EFBC}") = "Unity.TerrainTools", "Unity.TerrainTools.csproj", "{7AB16BF3-8AAB-DA4A-E33D-99D197656907}"
EndProject
Project("{FAE04EC0-301F-11D3-BF4B-00C04F79EFBC}") = "Unity.ProBuilder.KdTree", "Unity.ProBuilder.KdTree.csproj", "{CF8F3451-E609-CEB0-1A39-3F227996EF2B}"
EndProject
Project("{FAE04EC0-301F-11D3-BF4B-00C04F79EFBC}") = "Unity.RenderPipelines.Core.ShaderLibrary", "Unity.RenderPipelines.Core.ShaderLibrary.csproj", "{25D487BE-D900-8BC8-2296-1730D132C25D}"
EndProject
Project("{FAE04EC0-301F-11D3-BF4B-00C04F79EFBC}") = "Unity.RenderPipeline.Universal.ShaderLibrary", "Unity.RenderPipeline.Universal.ShaderLibrary.csproj", "{6FF7EEDF-D775-862C-9453-CE066F44A2C3}"
EndProject
Project("{FAE04EC0-301F-11D3-BF4B-00C04F79EFBC}") = "NavMeshComponents", "NavMeshComponents.csproj", "{CDA1F94B-E731-82DE-C0C3-2BC0EE382491}"
EndProject
Project("{FAE04EC0-301F-11D3-BF4B-00C04F79EFBC}") = "Unity.ProBuilder.Stl", "Unity.ProBuilder.Stl.csproj", "{24140656-326A-E52D-7F59-245650EBD4E4}"
EndProject
Project("{FAE04EC0-301F-11D3-BF4B-00C04F79EFBC}") = "Unity.RenderPipelines.Universal.Shaders", "Unity.RenderPipelines.Universal.Shaders.csproj", "{AF881925-A7BA-2406-30DE-8020CF1ED458}"
EndProject
Project("{FAE04EC0-301F-11D3-BF4B-00C04F79EFBC}") = "Unity.RenderPipelines.ShaderGraph.ShaderGraphLibrary", "Unity.RenderPipelines.ShaderGraph.ShaderGraphLibrary.csproj", "{1C60282D-55F8-9C59-B9E2-539C83345E5F}"
EndProject
Project("{FAE04EC0-301F-11D3-BF4B-00C04F79EFBC}") = "Unity.ShaderGraph.Editor", "Unity.ShaderGraph.Editor.csproj", "{EA8EBDFD-9416-0637-CA51-DB09DCFFC319}"
EndProject
Project("{FAE04EC0-301F-11D3-BF4B-00C04F79EFBC}") = "Unity.TerrainTools.Editor", "Unity.TerrainTools.Editor.csproj", "{C11320A5-F63B-D00C-3039-6B5A14AB9878}"
EndProject
Project("{FAE04EC0-301F-11D3-BF4B-00C04F79EFBC}") = "Unity.VisualStudio.Editor", "Unity.VisualStudio.Editor.csproj", "{36EDBCD4-FFCE-8258-E9C2-D6E3905B3CD6}"
EndProject
Project("{FAE04EC0-301F-11D3-BF4B-00C04F79EFBC}") = "Unity.ProBuilder.Editor", "Unity.ProBuilder.Editor.csproj", "{748E09B7-C21A-CAE5-89A4-C9D392FAD5A3}"
EndProject
Project("{FAE04EC0-301F-11D3-BF4B-00C04F79EFBC}") = "Unity.Timeline.Editor", "Unity.Timeline.Editor.csproj", "{3529FB1D-CEF8-5295-34D3-46E10758A73D}"
EndProject
Project("{FAE04EC0-301F-11D3-BF4B-00C04F79EFBC}") = "Unity.TextMeshPro.Editor", "Unity.TextMeshPro.Editor.csproj", "{925DE816-E43F-FF76-2E42-056953616EC8}"
EndProject
Project("{FAE04EC0-301F-11D3-BF4B-00C04F79EFBC}") = "Unity.CollabProxy.Editor", "Unity.CollabProxy.Editor.csproj", "{BBEFDB4E-0D46-6462-8ECC-2E402DF3640B}"
EndProject
Project("{FAE04EC0-301F-11D3-BF4B-00C04F79EFBC}") = "UnityEditor.TestRunner", "UnityEditor.TestRunner.csproj", "{7FCA2F36-C6A8-1D7C-2654-59988901F488}"
EndProject
Project("{FAE04EC0-301F-11D3-BF4B-00C04F79EFBC}") = "Unity.Polybrush.Editor", "Unity.Polybrush.Editor.csproj", "{15E53E30-F3C5-5D41-8F15-3B741E18D7EF}"
EndProject
Project("{FAE04EC0-301F-11D3-BF4B-00C04F79EFBC}") = "Unity.Rider.Editor", "Unity.Rider.Editor.csproj", "{705E2B83-4B44-1914-6F9D-6D911479F0D4}"
EndProject
Project("{FAE04EC0-301F-11D3-BF4B-00C04F79EFBC}") = "Unity.RenderPipelines.Universal.Editor", "Unity.RenderPipelines.Universal.Editor.csproj", "{06857CDD-F140-AF59-02B1-86D67F7239F9}"
EndProject
Project("{FAE04EC0-301F-11D3-BF4B-00C04F79EFBC}") = "Unity.Animation.Rigging.Editor", "Unity.Animation.Rigging.Editor.csproj", "{7B8C1BDB-BEC0-FC87-5677-A61BF60882E4}"
EndProject
Project("{FAE04EC0-301F-11D3-BF4B-00C04F79EFBC}") = "Unity.ProGrids.Editor", "Unity.ProGrids.Editor.csproj", "{019FE553-9A5E-843E-F484-0A58ABAE19BA}"
EndProject
Project("{FAE04EC0-301F-11D3-BF4B-00C04F79EFBC}") = "Unity.RenderPipelines.Core.Editor", "Unity.RenderPipelines.Core.Editor.csproj", "{01F97F4C-CA98-F2F5-1C25-E31CBB2C7C2E}"
EndProject
Project("{FAE04EC0-301F-11D3-BF4B-00C04F79EFBC}") = "Unity.Searcher.Editor", "Unity.Searcher.Editor.csproj", "{1DB41B7D-1543-FE46-31EB-8D448F1C48CF}"
EndProject
Project("{FAE04EC0-301F-11D3-BF4B-00C04F79EFBC}") = "Unity.VSCode.Editor", "Unity.VSCode.Editor.csproj", "{A0CCCDDF-0ADB-B04F-A825-F1E1819F988A}"
EndProject
Project("{FAE04EC0-301F-11D3-BF4B-00C04F79EFBC}") = "Unity.ProBuilder.AssetIdRemapUtility", "Unity.ProBuilder.AssetIdRemapUtility.csproj", "{2B0E6DD2-747D-BB2F-F750-F0DFF729BAFA}"
EndProject
Project("{FAE04EC0-301F-11D3-BF4B-00C04F79EFBC}") = "UnityEditor.UI", "UnityEditor.UI.csproj", "{7A6E1AD9-659E-B65C-20A5-D23B025C22D3}"
EndProject
Project("{FAE04EC0-301F-11D3-BF4B-00C04F79EFBC}") = "Unity.Settings.Editor", "Unity.Settings.Editor.csproj", "{EEA3DA47-6EAE-6F38-C1A6-F9D175CC520C}"
EndProject
Project("{FAE04EC0-301F-11D3-BF4B-00C04F79EFBC}") = "Unity.Mathematics.Editor", "Unity.Mathematics.Editor.csproj", "{57560E4B-3172-A55E-3E9B-22F756725E0D}"
EndProject
Project("{FAE04EC0-301F-11D3-BF4B-00C04F79EFBC}") = "Unity.Burst.Editor", "Unity.Burst.Editor.csproj", "{0DC616C9-DFC2-6D27-CF75-98455D66B7E0}"
EndProject
Project("{FAE04EC0-301F-11D3-BF4B-00C04F79EFBC}") = "Assembly-CSharp-Editor-firstpass", "Assembly-CSharp-Editor-firstpass.csproj", "{CE6E1220-C0DC-6FAC-EFC1-0FF2AA33CD50}"
EndProject
Project("{FAE04EC0-301F-11D3-BF4B-00C04F79EFBC}") = "Unity.ShaderGraph.Utilities", "Unity.ShaderGraph.Utilities.csproj", "{CC445851-1D86-35B4-C22F-897D00B32304}"
EndProject
Project("{FAE04EC0-301F-11D3-BF4B-00C04F79EFBC}") = "NavMeshComponentsEditor", "NavMeshComponentsEditor.csproj", "{75286C87-F3DE-355C-C55E-5A8AC01C40BF}"
EndProject
Project("{FAE04EC0-301F-11D3-BF4B-00C04F79EFBC}") = "Unity.ProBuilder.AddOns.Editor", "Unity.ProBuilder.AddOns.Editor.csproj", "{C5F8D403-E58B-6AAE-E00F-FBBFE563F98C}"
EndProject
Project("{FAE04EC0-301F-11D3-BF4B-00C04F79EFBC}") = "Assembly-CSharp-Editor", "Assembly-CSharp-Editor.csproj", "{F96C47EA-864A-7667-CA45-373964BC81C3}"
EndProject
Global
	GlobalSection(SolutionConfigurationPlatforms) = preSolution
		Debug|Any CPU = Debug|Any CPU
		Release|Any CPU = Release|Any CPU
	EndGlobalSection
	GlobalSection(ProjectConfigurationPlatforms) = postSolution
		{2AACB208-2CFE-F705-E75D-233825B7D196}.Debug|Any CPU.ActiveCfg = Debug|Any CPU
		{2AACB208-2CFE-F705-E75D-233825B7D196}.Debug|Any CPU.Build.0 = Debug|Any CPU
		{2AACB208-2CFE-F705-E75D-233825B7D196}.Release|Any CPU.ActiveCfg = Release|Any CPU
		{2AACB208-2CFE-F705-E75D-233825B7D196}.Release|Any CPU.Build.0 = Release|Any CPU
		{FCA67A36-DF11-133E-8CF0-628C6B1E1679}.Debug|Any CPU.ActiveCfg = Debug|Any CPU
		{FCA67A36-DF11-133E-8CF0-628C6B1E1679}.Debug|Any CPU.Build.0 = Debug|Any CPU
		{FCA67A36-DF11-133E-8CF0-628C6B1E1679}.Release|Any CPU.ActiveCfg = Release|Any CPU
		{FCA67A36-DF11-133E-8CF0-628C6B1E1679}.Release|Any CPU.Build.0 = Release|Any CPU
		{B29201C1-D4D1-0D76-1CA1-686EBE14A3C4}.Debug|Any CPU.ActiveCfg = Debug|Any CPU
		{B29201C1-D4D1-0D76-1CA1-686EBE14A3C4}.Debug|Any CPU.Build.0 = Debug|Any CPU
		{B29201C1-D4D1-0D76-1CA1-686EBE14A3C4}.Release|Any CPU.ActiveCfg = Release|Any CPU
		{B29201C1-D4D1-0D76-1CA1-686EBE14A3C4}.Release|Any CPU.Build.0 = Release|Any CPU
		{5D646FCC-8699-591A-ACC3-47D5EA7FA865}.Debug|Any CPU.ActiveCfg = Debug|Any CPU
		{5D646FCC-8699-591A-ACC3-47D5EA7FA865}.Debug|Any CPU.Build.0 = Debug|Any CPU
		{5D646FCC-8699-591A-ACC3-47D5EA7FA865}.Release|Any CPU.ActiveCfg = Release|Any CPU
		{5D646FCC-8699-591A-ACC3-47D5EA7FA865}.Release|Any CPU.Build.0 = Release|Any CPU
		{FE78FC22-338F-6984-FF0E-A7BF091ACA79}.Debug|Any CPU.ActiveCfg = Debug|Any CPU
		{FE78FC22-338F-6984-FF0E-A7BF091ACA79}.Debug|Any CPU.Build.0 = Debug|Any CPU
		{FE78FC22-338F-6984-FF0E-A7BF091ACA79}.Release|Any CPU.ActiveCfg = Release|Any CPU
		{FE78FC22-338F-6984-FF0E-A7BF091ACA79}.Release|Any CPU.Build.0 = Release|Any CPU
		{113C7F7C-6512-FCA9-836B-2A8B9A77341F}.Debug|Any CPU.ActiveCfg = Debug|Any CPU
		{113C7F7C-6512-FCA9-836B-2A8B9A77341F}.Debug|Any CPU.Build.0 = Debug|Any CPU
		{113C7F7C-6512-FCA9-836B-2A8B9A77341F}.Release|Any CPU.ActiveCfg = Release|Any CPU
		{113C7F7C-6512-FCA9-836B-2A8B9A77341F}.Release|Any CPU.Build.0 = Release|Any CPU
		{5C0451EE-23FE-A069-F2A2-1BEC4679721E}.Debug|Any CPU.ActiveCfg = Debug|Any CPU
		{5C0451EE-23FE-A069-F2A2-1BEC4679721E}.Debug|Any CPU.Build.0 = Debug|Any CPU
		{5C0451EE-23FE-A069-F2A2-1BEC4679721E}.Release|Any CPU.ActiveCfg = Release|Any CPU
		{5C0451EE-23FE-A069-F2A2-1BEC4679721E}.Release|Any CPU.Build.0 = Release|Any CPU
		{0CC98FFF-7829-9371-F0E8-1EA6FF020D26}.Debug|Any CPU.ActiveCfg = Debug|Any CPU
		{0CC98FFF-7829-9371-F0E8-1EA6FF020D26}.Debug|Any CPU.Build.0 = Debug|Any CPU
		{0CC98FFF-7829-9371-F0E8-1EA6FF020D26}.Release|Any CPU.ActiveCfg = Release|Any CPU
		{0CC98FFF-7829-9371-F0E8-1EA6FF020D26}.Release|Any CPU.Build.0 = Release|Any CPU
		{164F6522-B26D-3880-AF94-ACDE4D420C83}.Debug|Any CPU.ActiveCfg = Debug|Any CPU
		{164F6522-B26D-3880-AF94-ACDE4D420C83}.Debug|Any CPU.Build.0 = Debug|Any CPU
		{164F6522-B26D-3880-AF94-ACDE4D420C83}.Release|Any CPU.ActiveCfg = Release|Any CPU
		{164F6522-B26D-3880-AF94-ACDE4D420C83}.Release|Any CPU.Build.0 = Release|Any CPU
		{A6998E65-2DEE-7562-1B1B-0F25F94886A2}.Debug|Any CPU.ActiveCfg = Debug|Any CPU
		{A6998E65-2DEE-7562-1B1B-0F25F94886A2}.Debug|Any CPU.Build.0 = Debug|Any CPU
		{A6998E65-2DEE-7562-1B1B-0F25F94886A2}.Release|Any CPU.ActiveCfg = Release|Any CPU
		{A6998E65-2DEE-7562-1B1B-0F25F94886A2}.Release|Any CPU.Build.0 = Release|Any CPU
		{1A7635D1-5817-D43D-7FC6-D6489049C6D5}.Debug|Any CPU.ActiveCfg = Debug|Any CPU
		{1A7635D1-5817-D43D-7FC6-D6489049C6D5}.Debug|Any CPU.Build.0 = Debug|Any CPU
		{1A7635D1-5817-D43D-7FC6-D6489049C6D5}.Release|Any CPU.ActiveCfg = Release|Any CPU
		{1A7635D1-5817-D43D-7FC6-D6489049C6D5}.Release|Any CPU.Build.0 = Release|Any CPU
		{1A388088-DC3A-7049-E675-A875A4428D3F}.Debug|Any CPU.ActiveCfg = Debug|Any CPU
		{1A388088-DC3A-7049-E675-A875A4428D3F}.Debug|Any CPU.Build.0 = Debug|Any CPU
		{1A388088-DC3A-7049-E675-A875A4428D3F}.Release|Any CPU.ActiveCfg = Release|Any CPU
		{1A388088-DC3A-7049-E675-A875A4428D3F}.Release|Any CPU.Build.0 = Release|Any CPU
		{B53AA7FF-C27D-EA5D-9FDF-D8AF256320D3}.Debug|Any CPU.ActiveCfg = Debug|Any CPU
		{B53AA7FF-C27D-EA5D-9FDF-D8AF256320D3}.Debug|Any CPU.Build.0 = Debug|Any CPU
		{B53AA7FF-C27D-EA5D-9FDF-D8AF256320D3}.Release|Any CPU.ActiveCfg = Release|Any CPU
		{B53AA7FF-C27D-EA5D-9FDF-D8AF256320D3}.Release|Any CPU.Build.0 = Release|Any CPU
		{8CDF1B53-4323-FA76-0EF8-67AC27DC4370}.Debug|Any CPU.ActiveCfg = Debug|Any CPU
		{8CDF1B53-4323-FA76-0EF8-67AC27DC4370}.Debug|Any CPU.Build.0 = Debug|Any CPU
		{8CDF1B53-4323-FA76-0EF8-67AC27DC4370}.Release|Any CPU.ActiveCfg = Release|Any CPU
		{8CDF1B53-4323-FA76-0EF8-67AC27DC4370}.Release|Any CPU.Build.0 = Release|Any CPU
		{8524BE49-DB78-C073-91D7-C8E7DDBA5195}.Debug|Any CPU.ActiveCfg = Debug|Any CPU
		{8524BE49-DB78-C073-91D7-C8E7DDBA5195}.Debug|Any CPU.Build.0 = Debug|Any CPU
		{8524BE49-DB78-C073-91D7-C8E7DDBA5195}.Release|Any CPU.ActiveCfg = Release|Any CPU
		{8524BE49-DB78-C073-91D7-C8E7DDBA5195}.Release|Any CPU.Build.0 = Release|Any CPU
		{E133D6BC-D268-13CD-301A-5077538CFDB0}.Debug|Any CPU.ActiveCfg = Debug|Any CPU
		{E133D6BC-D268-13CD-301A-5077538CFDB0}.Debug|Any CPU.Build.0 = Debug|Any CPU
		{E133D6BC-D268-13CD-301A-5077538CFDB0}.Release|Any CPU.ActiveCfg = Release|Any CPU
		{E133D6BC-D268-13CD-301A-5077538CFDB0}.Release|Any CPU.Build.0 = Release|Any CPU
		{7AB16BF3-8AAB-DA4A-E33D-99D197656907}.Debug|Any CPU.ActiveCfg = Debug|Any CPU
		{7AB16BF3-8AAB-DA4A-E33D-99D197656907}.Debug|Any CPU.Build.0 = Debug|Any CPU
		{7AB16BF3-8AAB-DA4A-E33D-99D197656907}.Release|Any CPU.ActiveCfg = Release|Any CPU
		{7AB16BF3-8AAB-DA4A-E33D-99D197656907}.Release|Any CPU.Build.0 = Release|Any CPU
		{CF8F3451-E609-CEB0-1A39-3F227996EF2B}.Debug|Any CPU.ActiveCfg = Debug|Any CPU
		{CF8F3451-E609-CEB0-1A39-3F227996EF2B}.Debug|Any CPU.Build.0 = Debug|Any CPU
		{CF8F3451-E609-CEB0-1A39-3F227996EF2B}.Release|Any CPU.ActiveCfg = Release|Any CPU
		{CF8F3451-E609-CEB0-1A39-3F227996EF2B}.Release|Any CPU.Build.0 = Release|Any CPU
		{25D487BE-D900-8BC8-2296-1730D132C25D}.Debug|Any CPU.ActiveCfg = Debug|Any CPU
		{25D487BE-D900-8BC8-2296-1730D132C25D}.Debug|Any CPU.Build.0 = Debug|Any CPU
		{25D487BE-D900-8BC8-2296-1730D132C25D}.Release|Any CPU.ActiveCfg = Release|Any CPU
		{25D487BE-D900-8BC8-2296-1730D132C25D}.Release|Any CPU.Build.0 = Release|Any CPU
		{6FF7EEDF-D775-862C-9453-CE066F44A2C3}.Debug|Any CPU.ActiveCfg = Debug|Any CPU
		{6FF7EEDF-D775-862C-9453-CE066F44A2C3}.Debug|Any CPU.Build.0 = Debug|Any CPU
		{6FF7EEDF-D775-862C-9453-CE066F44A2C3}.Release|Any CPU.ActiveCfg = Release|Any CPU
		{6FF7EEDF-D775-862C-9453-CE066F44A2C3}.Release|Any CPU.Build.0 = Release|Any CPU
		{CDA1F94B-E731-82DE-C0C3-2BC0EE382491}.Debug|Any CPU.ActiveCfg = Debug|Any CPU
		{CDA1F94B-E731-82DE-C0C3-2BC0EE382491}.Debug|Any CPU.Build.0 = Debug|Any CPU
		{CDA1F94B-E731-82DE-C0C3-2BC0EE382491}.Release|Any CPU.ActiveCfg = Release|Any CPU
		{CDA1F94B-E731-82DE-C0C3-2BC0EE382491}.Release|Any CPU.Build.0 = Release|Any CPU
		{24140656-326A-E52D-7F59-245650EBD4E4}.Debug|Any CPU.ActiveCfg = Debug|Any CPU
		{24140656-326A-E52D-7F59-245650EBD4E4}.Debug|Any CPU.Build.0 = Debug|Any CPU
		{24140656-326A-E52D-7F59-245650EBD4E4}.Release|Any CPU.ActiveCfg = Release|Any CPU
		{24140656-326A-E52D-7F59-245650EBD4E4}.Release|Any CPU.Build.0 = Release|Any CPU
		{AF881925-A7BA-2406-30DE-8020CF1ED458}.Debug|Any CPU.ActiveCfg = Debug|Any CPU
		{AF881925-A7BA-2406-30DE-8020CF1ED458}.Debug|Any CPU.Build.0 = Debug|Any CPU
		{AF881925-A7BA-2406-30DE-8020CF1ED458}.Release|Any CPU.ActiveCfg = Release|Any CPU
		{AF881925-A7BA-2406-30DE-8020CF1ED458}.Release|Any CPU.Build.0 = Release|Any CPU
		{1C60282D-55F8-9C59-B9E2-539C83345E5F}.Debug|Any CPU.ActiveCfg = Debug|Any CPU
		{1C60282D-55F8-9C59-B9E2-539C83345E5F}.Debug|Any CPU.Build.0 = Debug|Any CPU
		{1C60282D-55F8-9C59-B9E2-539C83345E5F}.Release|Any CPU.ActiveCfg = Release|Any CPU
		{1C60282D-55F8-9C59-B9E2-539C83345E5F}.Release|Any CPU.Build.0 = Release|Any CPU
		{EA8EBDFD-9416-0637-CA51-DB09DCFFC319}.Debug|Any CPU.ActiveCfg = Debug|Any CPU
		{EA8EBDFD-9416-0637-CA51-DB09DCFFC319}.Debug|Any CPU.Build.0 = Debug|Any CPU
		{EA8EBDFD-9416-0637-CA51-DB09DCFFC319}.Release|Any CPU.ActiveCfg = Release|Any CPU
		{EA8EBDFD-9416-0637-CA51-DB09DCFFC319}.Release|Any CPU.Build.0 = Release|Any CPU
		{C11320A5-F63B-D00C-3039-6B5A14AB9878}.Debug|Any CPU.ActiveCfg = Debug|Any CPU
		{C11320A5-F63B-D00C-3039-6B5A14AB9878}.Debug|Any CPU.Build.0 = Debug|Any CPU
		{C11320A5-F63B-D00C-3039-6B5A14AB9878}.Release|Any CPU.ActiveCfg = Release|Any CPU
		{C11320A5-F63B-D00C-3039-6B5A14AB9878}.Release|Any CPU.Build.0 = Release|Any CPU
		{36EDBCD4-FFCE-8258-E9C2-D6E3905B3CD6}.Debug|Any CPU.ActiveCfg = Debug|Any CPU
		{36EDBCD4-FFCE-8258-E9C2-D6E3905B3CD6}.Debug|Any CPU.Build.0 = Debug|Any CPU
		{36EDBCD4-FFCE-8258-E9C2-D6E3905B3CD6}.Release|Any CPU.ActiveCfg = Release|Any CPU
		{36EDBCD4-FFCE-8258-E9C2-D6E3905B3CD6}.Release|Any CPU.Build.0 = Release|Any CPU
		{748E09B7-C21A-CAE5-89A4-C9D392FAD5A3}.Debug|Any CPU.ActiveCfg = Debug|Any CPU
		{748E09B7-C21A-CAE5-89A4-C9D392FAD5A3}.Debug|Any CPU.Build.0 = Debug|Any CPU
		{748E09B7-C21A-CAE5-89A4-C9D392FAD5A3}.Release|Any CPU.ActiveCfg = Release|Any CPU
		{748E09B7-C21A-CAE5-89A4-C9D392FAD5A3}.Release|Any CPU.Build.0 = Release|Any CPU
		{3529FB1D-CEF8-5295-34D3-46E10758A73D}.Debug|Any CPU.ActiveCfg = Debug|Any CPU
		{3529FB1D-CEF8-5295-34D3-46E10758A73D}.Debug|Any CPU.Build.0 = Debug|Any CPU
		{3529FB1D-CEF8-5295-34D3-46E10758A73D}.Release|Any CPU.ActiveCfg = Release|Any CPU
		{3529FB1D-CEF8-5295-34D3-46E10758A73D}.Release|Any CPU.Build.0 = Release|Any CPU
		{925DE816-E43F-FF76-2E42-056953616EC8}.Debug|Any CPU.ActiveCfg = Debug|Any CPU
		{925DE816-E43F-FF76-2E42-056953616EC8}.Debug|Any CPU.Build.0 = Debug|Any CPU
		{925DE816-E43F-FF76-2E42-056953616EC8}.Release|Any CPU.ActiveCfg = Release|Any CPU
		{925DE816-E43F-FF76-2E42-056953616EC8}.Release|Any CPU.Build.0 = Release|Any CPU
		{BBEFDB4E-0D46-6462-8ECC-2E402DF3640B}.Debug|Any CPU.ActiveCfg = Debug|Any CPU
		{BBEFDB4E-0D46-6462-8ECC-2E402DF3640B}.Debug|Any CPU.Build.0 = Debug|Any CPU
		{BBEFDB4E-0D46-6462-8ECC-2E402DF3640B}.Release|Any CPU.ActiveCfg = Release|Any CPU
		{BBEFDB4E-0D46-6462-8ECC-2E402DF3640B}.Release|Any CPU.Build.0 = Release|Any CPU
		{7FCA2F36-C6A8-1D7C-2654-59988901F488}.Debug|Any CPU.ActiveCfg = Debug|Any CPU
		{7FCA2F36-C6A8-1D7C-2654-59988901F488}.Debug|Any CPU.Build.0 = Debug|Any CPU
		{7FCA2F36-C6A8-1D7C-2654-59988901F488}.Release|Any CPU.ActiveCfg = Release|Any CPU
		{7FCA2F36-C6A8-1D7C-2654-59988901F488}.Release|Any CPU.Build.0 = Release|Any CPU
		{15E53E30-F3C5-5D41-8F15-3B741E18D7EF}.Debug|Any CPU.ActiveCfg = Debug|Any CPU
		{15E53E30-F3C5-5D41-8F15-3B741E18D7EF}.Debug|Any CPU.Build.0 = Debug|Any CPU
		{15E53E30-F3C5-5D41-8F15-3B741E18D7EF}.Release|Any CPU.ActiveCfg = Release|Any CPU
		{15E53E30-F3C5-5D41-8F15-3B741E18D7EF}.Release|Any CPU.Build.0 = Release|Any CPU
		{705E2B83-4B44-1914-6F9D-6D911479F0D4}.Debug|Any CPU.ActiveCfg = Debug|Any CPU
		{705E2B83-4B44-1914-6F9D-6D911479F0D4}.Debug|Any CPU.Build.0 = Debug|Any CPU
		{705E2B83-4B44-1914-6F9D-6D911479F0D4}.Release|Any CPU.ActiveCfg = Release|Any CPU
		{705E2B83-4B44-1914-6F9D-6D911479F0D4}.Release|Any CPU.Build.0 = Release|Any CPU
		{06857CDD-F140-AF59-02B1-86D67F7239F9}.Debug|Any CPU.ActiveCfg = Debug|Any CPU
		{06857CDD-F140-AF59-02B1-86D67F7239F9}.Debug|Any CPU.Build.0 = Debug|Any CPU
		{06857CDD-F140-AF59-02B1-86D67F7239F9}.Release|Any CPU.ActiveCfg = Release|Any CPU
		{06857CDD-F140-AF59-02B1-86D67F7239F9}.Release|Any CPU.Build.0 = Release|Any CPU
		{7B8C1BDB-BEC0-FC87-5677-A61BF60882E4}.Debug|Any CPU.ActiveCfg = Debug|Any CPU
		{7B8C1BDB-BEC0-FC87-5677-A61BF60882E4}.Debug|Any CPU.Build.0 = Debug|Any CPU
		{7B8C1BDB-BEC0-FC87-5677-A61BF60882E4}.Release|Any CPU.ActiveCfg = Release|Any CPU
		{7B8C1BDB-BEC0-FC87-5677-A61BF60882E4}.Release|Any CPU.Build.0 = Release|Any CPU
		{019FE553-9A5E-843E-F484-0A58ABAE19BA}.Debug|Any CPU.ActiveCfg = Debug|Any CPU
		{019FE553-9A5E-843E-F484-0A58ABAE19BA}.Debug|Any CPU.Build.0 = Debug|Any CPU
		{019FE553-9A5E-843E-F484-0A58ABAE19BA}.Release|Any CPU.ActiveCfg = Release|Any CPU
		{019FE553-9A5E-843E-F484-0A58ABAE19BA}.Release|Any CPU.Build.0 = Release|Any CPU
		{01F97F4C-CA98-F2F5-1C25-E31CBB2C7C2E}.Debug|Any CPU.ActiveCfg = Debug|Any CPU
		{01F97F4C-CA98-F2F5-1C25-E31CBB2C7C2E}.Debug|Any CPU.Build.0 = Debug|Any CPU
		{01F97F4C-CA98-F2F5-1C25-E31CBB2C7C2E}.Release|Any CPU.ActiveCfg = Release|Any CPU
		{01F97F4C-CA98-F2F5-1C25-E31CBB2C7C2E}.Release|Any CPU.Build.0 = Release|Any CPU
		{1DB41B7D-1543-FE46-31EB-8D448F1C48CF}.Debug|Any CPU.ActiveCfg = Debug|Any CPU
		{1DB41B7D-1543-FE46-31EB-8D448F1C48CF}.Debug|Any CPU.Build.0 = Debug|Any CPU
		{1DB41B7D-1543-FE46-31EB-8D448F1C48CF}.Release|Any CPU.ActiveCfg = Release|Any CPU
		{1DB41B7D-1543-FE46-31EB-8D448F1C48CF}.Release|Any CPU.Build.0 = Release|Any CPU
		{A0CCCDDF-0ADB-B04F-A825-F1E1819F988A}.Debug|Any CPU.ActiveCfg = Debug|Any CPU
		{A0CCCDDF-0ADB-B04F-A825-F1E1819F988A}.Debug|Any CPU.Build.0 = Debug|Any CPU
		{A0CCCDDF-0ADB-B04F-A825-F1E1819F988A}.Release|Any CPU.ActiveCfg = Release|Any CPU
		{A0CCCDDF-0ADB-B04F-A825-F1E1819F988A}.Release|Any CPU.Build.0 = Release|Any CPU
		{2B0E6DD2-747D-BB2F-F750-F0DFF729BAFA}.Debug|Any CPU.ActiveCfg = Debug|Any CPU
		{2B0E6DD2-747D-BB2F-F750-F0DFF729BAFA}.Debug|Any CPU.Build.0 = Debug|Any CPU
		{2B0E6DD2-747D-BB2F-F750-F0DFF729BAFA}.Release|Any CPU.ActiveCfg = Release|Any CPU
		{2B0E6DD2-747D-BB2F-F750-F0DFF729BAFA}.Release|Any CPU.Build.0 = Release|Any CPU
		{7A6E1AD9-659E-B65C-20A5-D23B025C22D3}.Debug|Any CPU.ActiveCfg = Debug|Any CPU
		{7A6E1AD9-659E-B65C-20A5-D23B025C22D3}.Debug|Any CPU.Build.0 = Debug|Any CPU
		{7A6E1AD9-659E-B65C-20A5-D23B025C22D3}.Release|Any CPU.ActiveCfg = Release|Any CPU
		{7A6E1AD9-659E-B65C-20A5-D23B025C22D3}.Release|Any CPU.Build.0 = Release|Any CPU
		{EEA3DA47-6EAE-6F38-C1A6-F9D175CC520C}.Debug|Any CPU.ActiveCfg = Debug|Any CPU
		{EEA3DA47-6EAE-6F38-C1A6-F9D175CC520C}.Debug|Any CPU.Build.0 = Debug|Any CPU
		{EEA3DA47-6EAE-6F38-C1A6-F9D175CC520C}.Release|Any CPU.ActiveCfg = Release|Any CPU
		{EEA3DA47-6EAE-6F38-C1A6-F9D175CC520C}.Release|Any CPU.Build.0 = Release|Any CPU
		{57560E4B-3172-A55E-3E9B-22F756725E0D}.Debug|Any CPU.ActiveCfg = Debug|Any CPU
		{57560E4B-3172-A55E-3E9B-22F756725E0D}.Debug|Any CPU.Build.0 = Debug|Any CPU
		{57560E4B-3172-A55E-3E9B-22F756725E0D}.Release|Any CPU.ActiveCfg = Release|Any CPU
		{57560E4B-3172-A55E-3E9B-22F756725E0D}.Release|Any CPU.Build.0 = Release|Any CPU
		{0DC616C9-DFC2-6D27-CF75-98455D66B7E0}.Debug|Any CPU.ActiveCfg = Debug|Any CPU
		{0DC616C9-DFC2-6D27-CF75-98455D66B7E0}.Debug|Any CPU.Build.0 = Debug|Any CPU
		{0DC616C9-DFC2-6D27-CF75-98455D66B7E0}.Release|Any CPU.ActiveCfg = Release|Any CPU
		{0DC616C9-DFC2-6D27-CF75-98455D66B7E0}.Release|Any CPU.Build.0 = Release|Any CPU
		{CE6E1220-C0DC-6FAC-EFC1-0FF2AA33CD50}.Debug|Any CPU.ActiveCfg = Debug|Any CPU
		{CE6E1220-C0DC-6FAC-EFC1-0FF2AA33CD50}.Debug|Any CPU.Build.0 = Debug|Any CPU
		{CE6E1220-C0DC-6FAC-EFC1-0FF2AA33CD50}.Release|Any CPU.ActiveCfg = Release|Any CPU
		{CE6E1220-C0DC-6FAC-EFC1-0FF2AA33CD50}.Release|Any CPU.Build.0 = Release|Any CPU
		{CC445851-1D86-35B4-C22F-897D00B32304}.Debug|Any CPU.ActiveCfg = Debug|Any CPU
		{CC445851-1D86-35B4-C22F-897D00B32304}.Debug|Any CPU.Build.0 = Debug|Any CPU
		{CC445851-1D86-35B4-C22F-897D00B32304}.Release|Any CPU.ActiveCfg = Release|Any CPU
		{CC445851-1D86-35B4-C22F-897D00B32304}.Release|Any CPU.Build.0 = Release|Any CPU
		{75286C87-F3DE-355C-C55E-5A8AC01C40BF}.Debug|Any CPU.ActiveCfg = Debug|Any CPU
		{75286C87-F3DE-355C-C55E-5A8AC01C40BF}.Debug|Any CPU.Build.0 = Debug|Any CPU
		{75286C87-F3DE-355C-C55E-5A8AC01C40BF}.Release|Any CPU.ActiveCfg = Release|Any CPU
		{75286C87-F3DE-355C-C55E-5A8AC01C40BF}.Release|Any CPU.Build.0 = Release|Any CPU
		{C5F8D403-E58B-6AAE-E00F-FBBFE563F98C}.Debug|Any CPU.ActiveCfg = Debug|Any CPU
		{C5F8D403-E58B-6AAE-E00F-FBBFE563F98C}.Debug|Any CPU.Build.0 = Debug|Any CPU
		{C5F8D403-E58B-6AAE-E00F-FBBFE563F98C}.Release|Any CPU.ActiveCfg = Release|Any CPU
		{C5F8D403-E58B-6AAE-E00F-FBBFE563F98C}.Release|Any CPU.Build.0 = Release|Any CPU
		{F96C47EA-864A-7667-CA45-373964BC81C3}.Debug|Any CPU.ActiveCfg = Debug|Any CPU
		{F96C47EA-864A-7667-CA45-373964BC81C3}.Debug|Any CPU.Build.0 = Debug|Any CPU
		{F96C47EA-864A-7667-CA45-373964BC81C3}.Release|Any CPU.ActiveCfg = Release|Any CPU
		{F96C47EA-864A-7667-CA45-373964BC81C3}.Release|Any CPU.Build.0 = Release|Any CPU
	EndGlobalSection
	GlobalSection(SolutionProperties) = preSolution
		HideSolutionNode = FALSE
	EndGlobalSection
EndGlobal
